
Microsoft Visual Studio Solution File, Format Version 12.00
# Visual Studio 2013
VisualStudioVersion = 12.0.30501.0
MinimumVisualStudioVersion = 10.0.40219.1
Project("{F184B08F-C81C-45F6-A57F-5ABD9991F28F}") = "WordAutomationSample", "WordAutomationSample\WordAutomationSample.vbproj", "{FE77A2A8-BC0E-431A-A009-C4AA048226ED}"
EndProject
Global
	GlobalSection(SolutionConfigurationPlatforms) = preSolution
		Debug|x86 = Debug|x86
		Release|x86 = Release|x86
	EndGlobalSection
	GlobalSection(ProjectConfigurationPlatforms) = postSolution
		{FE77A2A8-BC0E-431A-A009-C4AA048226ED}.Debug|x86.ActiveCfg = Debug|x86
		{FE77A2A8-BC0E-431A-A009-C4AA048226ED}.Debug|x86.Build.0 = Debug|x86
		{FE77A2A8-BC0E-431A-A009-C4AA048226ED}.Release|x86.ActiveCfg = Release|x86
		{FE77A2A8-BC0E-431A-A009-C4AA048226ED}.Release|x86.Build.0 = Release|x86
	EndGlobalSection
	GlobalSection(SolutionProperties) = preSolution
		HideSolutionNode = FALSE
	EndGlobalSection
EndGlobal
